lockfileVersion: '9.0'

settings:
  autoInstallPeers: true
  excludeLinksFromLockfile: false

importers:

  .:
    dependencies:
      just-debounce:
        specifier: ^1.1.0
        version: 1.1.0
    devDependencies:
      i18next:
        specifier: ^22.4.10
        version: 22.5.1
      typescript:
        specifier: ^4.9.5
        version: 4.9.5

packages:

  '@babel/runtime@7.26.0':
    resolution: {integrity: sha512-FDSOghenHTiToteC/QRlv2q3DhPZ/oOXTBoirfWNx1Cx3TMVcGWQtMMmQcSvb/JjpNeGzx8Pq/b4fKEJuWm1sw==}
    engines: {node: '>=6.9.0'}

  i18next@22.5.1:
    resolution: {integrity: sha512-8TGPgM3pAD+VRsMtUMNknRz3kzqwp/gPALrWMsDnmC1mKqJwpWyooQRLMcbTwq8z8YwSmuj+ZYvc+xCuEpkssA==}

  just-debounce@1.1.0:
    resolution: {integrity: sha512-qpcRocdkUmf+UTNBYx5w6dexX5J31AKK1OmPwH630a83DdVVUIngk55RSAiIGpQyoH0dlr872VHfPjnQnK1qDQ==}

  regenerator-runtime@0.14.1:
    resolution: {integrity: sha512-dYnhHh0nJoMfnkZs6GmmhFknAGRrLznOu5nc9ML+EJxGvrx6H7teuevqVqCuPcPK//3eDrrjQhehXVx9cnkGdw==}

  typescript@4.9.5:
    resolution: {integrity: sha512-1FXk9E2Hm+QzZQ7z+McJiHL4NW1F2EzMu9Nq9i3zAaGqibafqYwCVU6WyWAuyQRRzOlxou8xZSyXLEN8oKj24g==}
    engines: {node: '>=4.2.0'}
    hasBin: true

snapshots:

  '@babel/runtime@7.26.0':
    dependencies:
      regenerator-runtime: 0.14.1

  i18next@22.5.1:
    dependencies:
      '@babel/runtime': 7.26.0

  just-debounce@1.1.0: {}

  regenerator-runtime@0.14.1: {}

  typescript@4.9.5: {}
